
Microsoft Visual Studio Solution File, Format Version 12.00
# Visual Studio 15
VisualStudioVersion = 15.0.27703.2035
MinimumVisualStudioVersion = 10.0.40219.1
Project("{9A19103F-16F7-4668-BE54-9A1E7A4F7556}") = "NetCoreWeb", "NetCoreWeb\NetCoreWeb.csproj", "{8EF7D39A-373D-47A6-963A-7705102CB4B2}"
EndProject
Project("{FAE04EC0-301F-11D3-BF4B-00C04F79EFBC}") = "NetCoreWeb.Test", "NetCoreWeb.Test\NetCoreWeb.Test.csproj", "{4436C65C-7D6F-4D23-BEB0-3FF217F83B8D}"
EndProject
Global
	GlobalSection(SolutionConfigurationPlatforms) = preSolution
		Debug|Any CPU = Debug|Any CPU
		Release|Any CPU = Release|Any CPU
	EndGlobalSection
	GlobalSection(ProjectConfigurationPlatforms) = postSolution
		{8EF7D39A-373D-47A6-963A-7705102CB4B2}.Debug|Any CPU.ActiveCfg = Debug|Any CPU
		{8EF7D39A-373D-47A6-963A-7705102CB4B2}.Debug|Any CPU.Build.0 = Debug|Any CPU
		{8EF7D39A-373D-47A6-963A-7705102CB4B2}.Release|Any CPU.ActiveCfg = Release|Any CPU
		{8EF7D39A-373D-47A6-963A-7705102CB4B2}.Release|Any CPU.Build.0 = Release|Any CPU
		{4436C65C-7D6F-4D23-BEB0-3FF217F83B8D}.Debug|Any CPU.ActiveCfg = Debug|Any CPU
		{4436C65C-7D6F-4D23-BEB0-3FF217F83B8D}.Debug|Any CPU.Build.0 = Debug|Any CPU
		{4436C65C-7D6F-4D23-BEB0-3FF217F83B8D}.Release|Any CPU.ActiveCfg = Release|Any CPU
		{4436C65C-7D6F-4D23-BEB0-3FF217F83B8D}.Release|Any CPU.Build.0 = Release|Any CPU
	EndGlobalSection
	GlobalSection(SolutionProperties) = preSolution
		HideSolutionNode = FALSE
	EndGlobalSection
	GlobalSection(ExtensibilityGlobals) = postSolution
		SolutionGuid = {81306683-27A6-495E-BC8E-BB3285AF1327}
	EndGlobalSection
EndGlobal
